
Microsoft Visual Studio Solution File, Format Version 12.00
# Visual Studio Version 16
VisualStudioVersion = 16.0.30011.22
MinimumVisualStudioVersion = 10.0.40219.1
Project("{FAE04EC0-301F-11D3-BF4B-00C04F79EFBC}") = "Loginwithoffice365", "Loginwithoffice365\Loginwithoffice365.csproj", "{E6539F84-9FC4-403F-A32E-EE96162A25FB}"
EndProject
Global
	GlobalSection(SolutionConfigurationPlatforms) = preSolution
		Debug|Any CPU = Debug|Any CPU
		Release|Any CPU = Release|Any CPU
	EndGlobalSection
	GlobalSection(ProjectConfigurationPlatforms) = postSolution
		{E6539F84-9FC4-403F-A32E-EE96162A25FB}.Debug|Any CPU.ActiveCfg = Debug|Any CPU
		{E6539F84-9FC4-403F-A32E-EE96162A25FB}.Debug|Any CPU.Build.0 = Debug|Any CPU
		{E6539F84-9FC4-403F-A32E-EE96162A25FB}.Release|Any CPU.ActiveCfg = Release|Any CPU
		{E6539F84-9FC4-403F-A32E-EE96162A25FB}.Release|Any CPU.Build.0 = Release|Any CPU
	EndGlobalSection
	GlobalSection(SolutionProperties) = preSolution
		HideSolutionNode = FALSE
	EndGlobalSection
	GlobalSection(ExtensibilityGlobals) = postSolution
		SolutionGuid = {DEBB4C1D-92AB-4500-9921-DCE21D2F1DCD}
	EndGlobalSection
EndGlobal
